version = 1
revision = 3
requires-python = ">=3.13"

[[package]]
name = "astral"
version = "3.2"
source = { registry = "https://pypi.org/simple" }
dependencies = [
    { name = "tzdata", marker = "sys_platform == 'win32'" },
]
sdist = { url = "https://files.pythonhosted.org/packages/04/d1/1adbf06a38dc339e41a1666f6c7135924594c20fd46e060fb263248c564d/astral-3.2.tar.gz", hash = "sha256:9b7c3b412e9e69d172cfb24be0e6addcc9f1bd01a28db8bebe66d75ccc533d88", size = 48075, upload-time = "2022-11-05T18:12:02.913Z" }
wheels = [
    { url = "https://files.pythonhosted.org/packages/2d/80/d6edd9c3259913cfe39aff2bea4da65de5ad0235a578405e37aabace5f2c/astral-3.2-py3-none-any.whl", hash = "sha256:cb7b49a3f0d4c64ae666be131276d2a3226134c598db10e672028cf8ff855f83", size = 38325, upload-time = "2022-11-05T18:12:01.164Z" },
]

[[package]]
name = "geographiclib"
version = "2.1"
source = { registry = "https://pypi.org/simple" }
sdist = { url = "https://files.pythonhosted.org/packages/df/78/4892343230a9d29faa1364564e525307a37e54ad776ea62c12129dbba704/geographiclib-2.1.tar.gz", hash = "sha256:6a6545e6262d0ed3522e13c515713718797e37ed8c672c31ad7b249f372ef108", size = 37004, upload-time = "2025-08-21T21:34:26Z" }
wheels = [
    { url = "https://files.pythonhosted.org/packages/31/b3/802576f2ea5dcb48501bb162e4c7b7b3ca5654a42b2c968ef98a797a4c79/geographiclib-2.1-py3-none-any.whl", hash = "sha256:e2a873b9b9e7fc38721ad73d5f4e6c9ed140d428a339970f505c07056997d40b", size = 40740, upload-time = "2025-08-21T21:34:24.955Z" },
]

[[package]]
name = "geopy"
version = "2.4.1"
source = { registry = "https://pypi.org/simple" }
dependencies = [
    { name = "geographiclib" },
]
sdist = { url = "https://files.pythonhosted.org/packages/0e/fd/ef6d53875ceab72c1fad22dbed5ec1ad04eb378c2251a6a8024bad890c3b/geopy-2.4.1.tar.gz", hash = "sha256:50283d8e7ad07d89be5cb027338c6365a32044df3ae2556ad3f52f4840b3d0d1", size = 117625, upload-time = "2023-11-23T21:49:32.734Z" }
wheels = [
    { url = "https://files.pythonhosted.org/packages/e5/15/cf2a69ade4b194aa524ac75112d5caac37414b20a3a03e6865dfe0bd1539/geopy-2.4.1-py3-none-any.whl", hash = "sha256:ae8b4bc5c1131820f4d75fce9d4aaaca0c85189b3aa5d64c3dcaf5e3b7b882a7", size = 125437, upload-time = "2023-11-23T21:49:30.421Z" },
]

[[package]]
name = "pytz"
version = "2025.2"
source = { registry = "https://pypi.org/simple" }
sdist = { url = "https://files.pythonhosted.org/packages/f8/bf/abbd3cdfb8fbc7fb3d4d38d320f2441b1e7cbe29be4f23797b4a2b5d8aac/pytz-2025.2.tar.gz", hash = "sha256:360b9e3dbb49a209c21ad61809c7fb453643e048b38924c765813546746e81c3", size = 320884, upload-time = "2025-03-25T02:25:00.538Z" }
wheels = [
    { url = "https://files.pythonhosted.org/packages/81/c4/34e93fe5f5429d7570ec1fa436f1986fb1f00c3e0f43a589fe2bbcd22c3f/pytz-2025.2-py2.py3-none-any.whl", hash = "sha256:5ddf76296dd8c44c26eb8f4b6f35488f3ccbf6fbbd7adee0b7262d43f0ec2f00", size = 509225, upload-time = "2025-03-25T02:24:58.468Z" },
]

[[package]]
name = "skycycle"
version = "0.1.0"
source = { virtual = "." }
dependencies = [
    { name = "astral" },
    { name = "geopy" },
    { name = "pytz" },
    { name = "tzfpy" },
    { name = "wcwidth" },
]

[package.metadata]
requires-dist = [
    { name = "astral", specifier = ">=3.2" },
    { name = "geopy", specifier = ">=2.4.1" },
    { name = "pytz", specifier = ">=2025.2" },
    { name = "tzfpy", specifier = ">=1.1.0" },
    { name = "wcwidth", specifier = ">=0.2.14" },
]

[[package]]
name = "tzdata"
version = "2025.2"
source = { registry = "https://pypi.org/simple" }
sdist = { url = "https://files.pythonhosted.org/packages/95/32/1a225d6164441be760d75c2c42e2780dc0873fe382da3e98a2e1e48361e5/tzdata-2025.2.tar.gz", hash = "sha256:b60a638fcc0daffadf82fe0f57e53d06bdec2f36c4df66280ae79bce6bd6f2b9", size = 196380, upload-time = "2025-03-23T13:54:43.652Z" }
wheels = [
    { url = "https://files.pythonhosted.org/packages/5c/23/c7abc0ca0a1526a0774eca151daeb8de62ec457e77262b66b359c3c7679e/tzdata-2025.2-py2.py3-none-any.whl", hash = "sha256:1a403fada01ff9221ca8044d701868fa132215d84beb92242d9acd2147f667a8", size = 347839, upload-time = "2025-03-23T13:54:41.845Z" },
]

[[package]]
name = "tzfpy"
version = "1.1.0"
source = { registry = "https://pypi.org/simple" }
sdist = { url = "https://files.pythonhosted.org/packages/17/f2/f6788702a1097f8a3e9337508c26c60847bd2d6b8e7115b5672f915ddbf9/tzfpy-1.1.0.tar.gz", hash = "sha256:f505b3b00ace4b84ed5939b033dd641e1744dcedd48c9f497305ed050c3d27b3", size = 108537, upload-time = "2025-10-24T02:48:44.828Z" }
wheels = [
    { url = "https://files.pythonhosted.org/packages/86/eb/669921c0e21e70997bcbcaa766e9844982dd7f65b50222a38542ed355370/tzfpy-1.1.0-cp310-abi3-macosx_10_12_x86_64.whl", hash = "sha256:a6f8ba191a91c0cd36b9dfa8fc6b9637532389c2a01b51389e864e064e53b0df", size = 6390381, upload-time = "2025-10-24T02:48:28.276Z" },
    { url = "https://files.pythonhosted.org/packages/d1/30/3b9e97ea30d9497cd4c8e236f5d8cf0083232b61d8bdf64966ca13f5f479/tzfpy-1.1.0-cp310-abi3-macosx_11_0_arm64.whl", hash = "sha256:5bd48c9381224abdef4d614f497ad3ff0027ad1c6320cf7504725c598e2e22ec", size = 6488956, upload-time = "2025-10-24T02:48:24.195Z" },
    { url = "https://files.pythonhosted.org/packages/19/e5/1201d9e1bbc7b9017451c7c5db5ab5bde8da60375eaf162b75f5f517ee7e/tzfpy-1.1.0-cp310-abi3-manylinux_2_17_aarch64.manylinux2014_aarch64.whl", hash = "sha256:775ea23e546382ebced4b3cad53d398e060fb38a32a247d94f2c9a158602b5df", size = 6419424, upload-time = "2025-10-24T02:48:11.277Z" },
    { url = "https://files.pythonhosted.org/packages/c2/10/dfab7f58de3166527afe783ec3dea0ba900adb468a83f460177ccd2337de/tzfpy-1.1.0-cp310-abi3-manylinux_2_17_armv7l.manylinux2014_armv7l.whl", hash = "sha256:2a76af2728693429b42335321411870d12022a6de31c8c7846f89a592f045bf4", size = 6429427, upload-time = "2025-10-24T02:48:15.905Z" },
    { url = "https://files.pythonhosted.org/packages/1a/b8/a37e0ceff092973f948e60a90981c2e9e1145f762b4c7f117327a084dde0/tzfpy-1.1.0-cp310-abi3-manylinux_2_17_x86_64.manylinux2014_x86_64.whl", hash = "sha256:37bdfa921fb35da7491cb81b122db93947dd797f03f81e35254b622e60727a25", size = 6429276, upload-time = "2025-10-24T02:48:20.184Z" },
    { url = "https://files.pythonhosted.org/packages/dc/68/acbd88f7497ae07196d619b15361fc9afde5584d7e574d43029e166e62e4/tzfpy-1.1.0-cp310-abi3-musllinux_1_2_aarch64.whl", hash = "sha256:1779ab5aaed7f4c784933ae03654f441338bc4484cbedeadd09bd1598955f230", size = 6599859, upload-time = "2025-10-24T02:48:32.435Z" },
    { url = "https://files.pythonhosted.org/packages/c8/65/98273a113f587e02a985fffff1fd575eea187e71ce722f9c5c896d2bda8b/tzfpy-1.1.0-cp310-abi3-musllinux_1_2_armv7l.whl", hash = "sha256:bc627f44e5c85c677d811562befbca4ac530c3c35e87e0af5e390e38a623fe22", size = 6693352, upload-time = "2025-10-24T02:48:37.135Z" },
    { url = "https://files.pythonhosted.org/packages/dc/a0/9bc67cc55a82d268fb002980cd78adc9edc881124982af3a9db68a5ada6b/tzfpy-1.1.0-cp310-abi3-musllinux_1_2_x86_64.whl", hash = "sha256:184b1fb1373d94221573b337bcdd811c887d31929bef9d33d9ccd57a80451642", size = 6589726, upload-time = "2025-10-24T02:48:41.169Z" },
    { url = "https://files.pythonhosted.org/packages/b9/88/b352c363fc9c2caa5bdc92f85650972ba0a035d8847c0e4f84513c094910/tzfpy-1.1.0-cp310-abi3-win_amd64.whl", hash = "sha256:52b45a0b924725f67348e6070c123f4217b70976f41857abc9f55e7be8284b5f", size = 6274839, upload-time = "2025-10-24T02:48:50.544Z" },
    { url = "https://files.pythonhosted.org/packages/78/79/9664c26a62388464ce1b09f7a60d377fb1e4832f849e8c65ed2b2bc64f7f/tzfpy-1.1.0-cp310-abi3-win_arm64.whl", hash = "sha256:8a3325fdf98eb04564504cec3e91e71f5225998c4d16b5d25b044345f33333c7", size = 6270762, upload-time = "2025-10-24T02:48:46.472Z" },
    { url = "https://files.pythonhosted.org/packages/44/ad/470e351aa7231a30d4b63d3746eccf88f2e3303863941a24c718ff5a4d80/tzfpy-1.1.0-cp314-cp314t-macosx_10_12_x86_64.whl", hash = "sha256:2ded3dddbd33c3f7ffda81fd14619bdd658566f4bc5ea44ad53a4ab707cd3de8", size = 6387751, upload-time = "2025-10-24T02:48:30.275Z" },
    { url = "https://files.pythonhosted.org/packages/61/49/56654a95d62ddbb921caefe86c43cff9037c137648597629e3dd14de36d6/tzfpy-1.1.0-cp314-cp314t-macosx_11_0_arm64.whl", hash = "sha256:8fb78b3c0be4b115dc37804c0e56c664c6d5fe1e18ddd8af5ff211a5e1b0aee0", size = 6486201, upload-time = "2025-10-24T02:48:26.107Z" },
    { url = "https://files.pythonhosted.org/packages/c4/51/4f7277aeff7f1070b7e3fffef02b7ccc8b77edc9489dacf5748277902cc2/tzfpy-1.1.0-cp314-cp314t-manylinux_2_17_aarch64.manylinux2014_aarch64.whl", hash = "sha256:7d377240e42c194aeb29eceaad120be18ddabae63ee078be55474560dcacad7e", size = 6415571, upload-time = "2025-10-24T02:48:13.798Z" },
    { url = "https://files.pythonhosted.org/packages/a7/62/667c0c55d14a5f3b70ed7b7f1bafea5fefed369fb9875fcc42d0b8e4ea8e/tzfpy-1.1.0-cp314-cp314t-manylinux_2_17_armv7l.manylinux2014_armv7l.whl", hash = "sha256:ceff7968e2dd6ff100d82a7497f467981be0f33a4281b98a652cb3e2468281bc", size = 6426788, upload-time = "2025-10-24T02:48:18.07Z" },
    { url = "https://files.pythonhosted.org/packages/47/1e/38a703a39b227ae88be8e638d9accdfcaded2abbc9fa5a81b0447f3cf3a3/tzfpy-1.1.0-cp314-cp314t-manylinux_2_17_x86_64.manylinux2014_x86_64.whl", hash = "sha256:a8b3f859423958fd0318c933c1855ec2e2daa984e03dc0aa466139a8c0628106", size = 6425835, upload-time = "2025-10-24T02:48:22.361Z" },
    { url = "https://files.pythonhosted.org/packages/40/43/5ab05217d6606008eb226ccdd1c1fa657a368935febf7b4572bbe2041115/tzfpy-1.1.0-cp314-cp314t-musllinux_1_2_aarch64.whl", hash = "sha256:57f5e0ac3a2b15989783e5903f58249a8ca5c7fa865fbb5a822f868e5d63c101", size = 6596252, upload-time = "2025-10-24T02:48:34.594Z" },
    { url = "https://files.pythonhosted.org/packages/16/5f/ee85f8db844828f5944d0b934b7295510295867e813db31592190d0bbaa2/tzfpy-1.1.0-cp314-cp314t-musllinux_1_2_armv7l.whl", hash = "sha256:c7daef9e390f3bedb03199f1c033c0fd804dc229d1498d67cfecf4c8fe0dcda2", size = 6690539, upload-time = "2025-10-24T02:48:39.338Z" },
    { url = "https://files.pythonhosted.org/packages/a0/42/6765123f4f0a74d21490ebe35c04f7805e10f33d481a8c690b054ce00f90/tzfpy-1.1.0-cp314-cp314t-musllinux_1_2_x86_64.whl", hash = "sha256:1ef917d5c8f1a388e76ab1482f2d6ba45bfd8bb72e01f7ce3c1e438fffa99ff1", size = 6586610, upload-time = "2025-10-24T02:48:43.41Z" },
    { url = "https://files.pythonhosted.org/packages/96/bf/6d02724848a0edcb54f96079a9cc8581172a6fbe7a7e4151082782e8789a/tzfpy-1.1.0-cp314-cp314t-win_amd64.whl", hash = "sha256:0692143adfeb13fdd867821d3d97a4146270ea4a18b7c357db0e1e959b039026", size = 6273428, upload-time = "2025-10-24T02:48:52.827Z" },
    { url = "https://files.pythonhosted.org/packages/23/c8/60ae3192121765cd8a762f4ba2acdd12fd6f6f07d73073575c97b68b3bdd/tzfpy-1.1.0-cp314-cp314t-win_arm64.whl", hash = "sha256:2253fed19c3f806afb44fbaa5990adbc2b944e347af2d5ff64bfe5b6f8cc23ed", size = 6269310, upload-time = "2025-10-24T02:48:48.352Z" },
]

[[package]]
name = "wcwidth"
version = "0.2.14"
source = { registry = "https://pypi.org/simple" }
sdist = { url = "https://files.pythonhosted.org/packages/24/30/6b0809f4510673dc723187aeaf24c7f5459922d01e2f794277a3dfb90345/wcwidth-0.2.14.tar.gz", hash = "sha256:4d478375d31bc5395a3c55c40ccdf3354688364cd61c4f6adacaa9215d0b3605", size = 102293, upload-time = "2025-09-22T16:29:53.023Z" }
wheels = [
    { url = "https://files.pythonhosted.org/packages/af/b5/123f13c975e9f27ab9c0770f514345bd406d0e8d3b7a0723af9d43f710af/wcwidth-0.2.14-py2.py3-none-any.whl", hash = "sha256:a7bb560c8aee30f9957e5f9895805edd20602f2d7f720186dfd906e82b4982e1", size = 37286, upload-time = "2025-09-22T16:29:51.641Z" },
]
